github.com/NVIDIA/go-nvml v0.12.0-1 h1:6mdjtlFo+17dWL7VFPfuRMtf0061TF4DKls9pkSw6uM=
github.com/NVIDIA/go-nvml v0.12.0-1/go.mod h1:hy7HYeQy335x6nEss0Ne3PYqleRa6Ct+VKD9RQ4nyFs=
github.com/go-logr/logr v0.1.0/go.mod h1:ixOQHD9gLJUVQQ2ZOR7zLEifBX6tGkNJF4QyIY7sIas=
k8s.io/klog v1.0.0 h1:Pt+yjF5aB1xDSVbau4VsWe+dQNzA0qv1LlXdC2dF6Q8=
k8s.io/klog v1.0.0/go.mod h1:4Bi6QPql/J/LkTDqv7R/cd3hPo4k2DG6Ptcz060Ez5I=
